
Microsoft Visual Studio Solution File, Format Version 12.00
# Visual Studio Version 17
VisualStudioVersion = 17.3.32811.315
MinimumVisualStudioVersion = 10.0.40219.1
Project("{9A19103F-16F7-4668-BE54-9A1E7A4F7556}") = "FirstWeb", "FirstWeb.csproj", "{4FECA9E2-46C3-4131-AD02-3AF28259E3CB}"
EndProject
Project("{FAE04EC0-301F-11D3-BF4B-00C04F79EFBC}") = "WebAssignment", "..\WebAssignment\WebAssignment.csproj", "{DBDC7AB7-7A8B-436C-A159-4BD534C51E82}"
EndProject
Global
	GlobalSection(SolutionConfigurationPlatforms) = preSolution
		Debug|Any CPU = Debug|Any CPU
		Release|Any CPU = Release|Any CPU
	EndGlobalSection
	GlobalSection(ProjectConfigurationPlatforms) = postSolution
		{4FECA9E2-46C3-4131-AD02-3AF28259E3CB}.Debug|Any CPU.ActiveCfg = Debug|Any CPU
		{4FECA9E2-46C3-4131-AD02-3AF28259E3CB}.Debug|Any CPU.Build.0 = Debug|Any CPU
		{4FECA9E2-46C3-4131-AD02-3AF28259E3CB}.Release|Any CPU.ActiveCfg = Release|Any CPU
		{4FECA9E2-46C3-4131-AD02-3AF28259E3CB}.Release|Any CPU.Build.0 = Release|Any CPU
		{DBDC7AB7-7A8B-436C-A159-4BD534C51E82}.Debug|Any CPU.ActiveCfg = Debug|Any CPU
		{DBDC7AB7-7A8B-436C-A159-4BD534C51E82}.Debug|Any CPU.Build.0 = Debug|Any CPU
		{DBDC7AB7-7A8B-436C-A159-4BD534C51E82}.Release|Any CPU.ActiveCfg = Release|Any CPU
		{DBDC7AB7-7A8B-436C-A159-4BD534C51E82}.Release|Any CPU.Build.0 = Release|Any CPU
	EndGlobalSection
	GlobalSection(SolutionProperties) = preSolution
		HideSolutionNode = FALSE
	EndGlobalSection
	GlobalSection(ExtensibilityGlobals) = postSolution
		SolutionGuid = {CD42D2C9-EB1A-40B7-959C-A92F469DB257}
	EndGlobalSection
EndGlobal
