
Microsoft Visual Studio Solution File, Format Version 12.00
# Visual Studio Version 17
VisualStudioVersion = 17.3.32811.315
MinimumVisualStudioVersion = 10.0.40219.1
Project("{9A19103F-16F7-4668-BE54-9A1E7A4F7556}") = "HRM.Web", "HRM.Web\HRM.Web.csproj", "{2C6ECAA2-A503-4BD5-813D-C527D3270200}"
EndProject
Project("{F2A71F9B-5D33-465A-A702-920D77279786}") = "HRM.Infrastructure", "HRM.Infrastructure\HRM.Infrastructure.fsproj", "{BC264A08-0CAF-41BB-B96A-CB8B29EDB629}"
EndProject
Project("{FAE04EC0-301F-11D3-BF4B-00C04F79EFBC}") = "HRM.ApplicationCore", "HRM.ApplicationCore\HRM.ApplicationCore.csproj", "{B96EB2F0-4AEB-4D68-BF0E-FDA01D131780}"
EndProject
Global
	GlobalSection(SolutionConfigurationPlatforms) = preSolution
		Debug|Any CPU = Debug|Any CPU
		Release|Any CPU = Release|Any CPU
	EndGlobalSection
	GlobalSection(ProjectConfigurationPlatforms) = postSolution
		{2C6ECAA2-A503-4BD5-813D-C527D3270200}.Debug|Any CPU.ActiveCfg = Debug|Any CPU
		{2C6ECAA2-A503-4BD5-813D-C527D3270200}.Debug|Any CPU.Build.0 = Debug|Any CPU
		{2C6ECAA2-A503-4BD5-813D-C527D3270200}.Release|Any CPU.ActiveCfg = Release|Any CPU
		{2C6ECAA2-A503-4BD5-813D-C527D3270200}.Release|Any CPU.Build.0 = Release|Any CPU
		{BC264A08-0CAF-41BB-B96A-CB8B29EDB629}.Debug|Any CPU.ActiveCfg = Debug|Any CPU
		{BC264A08-0CAF-41BB-B96A-CB8B29EDB629}.Debug|Any CPU.Build.0 = Debug|Any CPU
		{BC264A08-0CAF-41BB-B96A-CB8B29EDB629}.Release|Any CPU.ActiveCfg = Release|Any CPU
		{BC264A08-0CAF-41BB-B96A-CB8B29EDB629}.Release|Any CPU.Build.0 = Release|Any CPU
		{B96EB2F0-4AEB-4D68-BF0E-FDA01D131780}.Debug|Any CPU.ActiveCfg = Debug|Any CPU
		{B96EB2F0-4AEB-4D68-BF0E-FDA01D131780}.Debug|Any CPU.Build.0 = Debug|Any CPU
		{B96EB2F0-4AEB-4D68-BF0E-FDA01D131780}.Release|Any CPU.ActiveCfg = Release|Any CPU
		{B96EB2F0-4AEB-4D68-BF0E-FDA01D131780}.Release|Any CPU.Build.0 = Release|Any CPU
	EndGlobalSection
	GlobalSection(SolutionProperties) = preSolution
		HideSolutionNode = FALSE
	EndGlobalSection
	GlobalSection(ExtensibilityGlobals) = postSolution
		SolutionGuid = {D75824E0-96B7-45D7-B87C-A8FF922EF08E}
	EndGlobalSection
EndGlobal
